Microsoft Visual Studio Solution File, Format Version 12.00
# Visual Studio 2012
Project("{FAE04EC0-301F-11D3-BF4B-00C04F79EFBC}") = "NestedDoughnut", "NestedDoughnut\NestedDoughnut.csproj", "{F4D11B2D-2A5D-45A0-880D-B60969C104F8}"
EndProject
Global
	GlobalSection(SolutionConfigurationPlatforms) = preSolution
		Debug|Any CPU = Debug|Any CPU
		Release|Any CPU = Release|Any CPU
	EndGlobalSection
	GlobalSection(ProjectConfigurationPlatforms) = postSolution
		{F4D11B2D-2A5D-45A0-880D-B60969C104F8}.Debug|Any CPU.ActiveCfg = Debug|Any CPU
		{F4D11B2D-2A5D-45A0-880D-B60969C104F8}.Debug|Any CPU.Build.0 = Debug|Any CPU
		{F4D11B2D-2A5D-45A0-880D-B60969C104F8}.Release|Any CPU.ActiveCfg = Release|Any CPU
		{F4D11B2D-2A5D-45A0-880D-B60969C104F8}.Release|Any CPU.Build.0 = Release|Any CPU
	EndGlobalSection
	GlobalSection(SolutionProperties) = preSolution
		HideSolutionNode = FALSE
	EndGlobalSection
EndGlobal
